{
  "version": 4,
  "terraform_version": "1.1.3",
  "serial": 12,
  "lineage": "94e381c2-1182-1179-dae1-a8b79902cb73",
  "outputs": {
    "kubernetes_cluster_host": {
      "value": "35.241.79.198",
      "type": "string"
    },
    "kubernetes_cluster_name": {
      "value": "eaproject-345010-gke",
      "type": "string"
    },
    "project_id": {
      "value": "eaproject-345010",
      "type": "string"
    },
    "region": {
      "value": "asia-east2",
      "type": "string"
    }
  },
  "resources": [
    {
      "mode": "managed",
      "type": "google_compute_network",
      "name": "vpc",
      "provider": "provider[\"registry.terraform.io/hashicorp/google\"]",
      "instances": [
        {
          "schema_version": 0,
          "attributes": {
            "auto_create_subnetworks": false,
            "delete_default_routes_on_create": false,
            "description": "",
            "gateway_ipv4": "",
            "id": "projects/eaproject-345010/global/networks/eaproject-345010-vpc",
            "mtu": 0,
            "name": "eaproject-345010-vpc",
            "project": "eaproject-345010",
            "routing_mode": "REGIONAL",
            "self_link": "https://www.googleapis.com/compute/v1/projects/eaproject-345010/global/networks/eaproject-345010-vpc",
            "timeouts": null
          },
          "sensitive_attributes": [],
          "private": "eyJlMmJmYjczMC1lY2FhLTExZTYtOGY4OC0zNDM2M2JjN2M0YzAiOnsiY3JlYXRlIjoyNDAwMDAwMDAwMDAsImRlbGV0ZSI6MjQwMDAwMDAwMDAwLCJ1cGRhdGUiOjI0MDAwMDAwMDAwMH19"
        }
      ]
    },
    {
      "mode": "managed",
      "type": "google_compute_subnetwork",
      "name": "subnet",
      "provider": "provider[\"registry.terraform.io/hashicorp/google\"]",
      "instances": [
        {
          "schema_version": 0,
          "attributes": {
            "creation_timestamp": "2022-04-19T08:17:11.227-07:00",
            "description": "",
            "fingerprint": null,
            "gateway_address": "10.10.0.1",
            "id": "projects/eaproject-345010/regions/asia-east2/subnetworks/eaproject-345010-subnet",
            "ip_cidr_range": "10.10.0.0/24",
            "log_config": [],
            "name": "eaproject-345010-subnet",
            "network": "https://www.googleapis.com/compute/v1/projects/eaproject-345010/global/networks/eaproject-345010-vpc",
            "private_ip_google_access": false,
            "private_ipv6_google_access": "DISABLE_GOOGLE_ACCESS",
            "project": "eaproject-345010",
            "region": "asia-east2",
            "secondary_ip_range": [],
            "self_link": "https://www.googleapis.com/compute/v1/projects/eaproject-345010/regions/asia-east2/subnetworks/eaproject-345010-subnet",
            "timeouts": null
          },
          "sensitive_attributes": [],
          "private": "eyJlMmJmYjczMC1lY2FhLTExZTYtOGY4OC0zNDM2M2JjN2M0YzAiOnsiY3JlYXRlIjozNjAwMDAwMDAwMDAsImRlbGV0ZSI6MzYwMDAwMDAwMDAwLCJ1cGRhdGUiOjM2MDAwMDAwMDAwMH19",
          "dependencies": [
            "google_compute_network.vpc"
          ]
        }
      ]
    },
    {
      "mode": "managed",
      "type": "google_container_cluster",
      "name": "primary",
      "provider": "provider[\"registry.terraform.io/hashicorp/google\"]",
      "instances": [
        {
          "schema_version": 1,
          "attributes": {
            "addons_config": [
              {
                "cloudrun_config": [],
                "horizontal_pod_autoscaling": [],
                "http_load_balancing": [],
                "network_policy_config": [
                  {
                    "disabled": true
                  }
                ]
              }
            ],
            "authenticator_groups_config": [],
            "cluster_autoscaling": [
              {
                "auto_provisioning_defaults": [],
                "enabled": false,
                "resource_limits": []
              }
            ],
            "cluster_ipv4_cidr": "10.116.0.0/14",
            "database_encryption": [
              {
                "key_name": "",
                "state": "DECRYPTED"
              }
            ],
            "default_max_pods_per_node": 110,
            "description": "",
            "enable_binary_authorization": false,
            "enable_intranode_visibility": null,
            "enable_kubernetes_alpha": false,
            "enable_legacy_abac": false,
            "enable_shielded_nodes": false,
            "enable_tpu": null,
            "endpoint": "35.241.79.198",
            "id": "projects/eaproject-345010/locations/asia-east2/clusters/eaproject-345010-gke",
            "initial_node_count": 1,
            "instance_group_urls": [],
            "ip_allocation_policy": [
              {
                "cluster_ipv4_cidr_block": "10.116.0.0/14",
                "cluster_secondary_range_name": "gke-eaproject-345010-gke-pods-6991f4bd",
                "services_ipv4_cidr_block": "10.120.0.0/20",
                "services_secondary_range_name": "gke-eaproject-345010-gke-services-6991f4bd"
              }
            ],
            "label_fingerprint": "a9dc16a7",
            "location": "asia-east2",
            "logging_service": "logging.googleapis.com/kubernetes",
            "maintenance_policy": [],
            "master_auth": [
              {
                "client_certificate": "",
                "client_certificate_config": [
                  {
                    "issue_client_certificate": false
                  }
                ],
                "client_key": "",
                "cluster_ca_certificate": "LS0tLS1CRUdJTiBDRVJUSUZJQ0FURS0tLS0tCk1JSUVMRENDQXBTZ0F3SUJBZ0lRT1Z5dmlvTVVzMkQ0emZsWXRUbXkvVEFOQmdrcWhraUc5dzBCQVFzRkFEQXYKTVMwd0t3WURWUVFERXlSbU56UmhNV1prT1MxaFpXRTBMVFJqTURVdE9HRXlNUzAyTnpka05UZzVOR1JsTWpVdwpJQmNOTWpJd05ERTVNVFF4TnpNMFdoZ1BNakExTWpBME1URXhOVEUzTXpSYU1DOHhMVEFyQmdOVkJBTVRKR1kzCk5HRXhabVE1TFdGbFlUUXROR013TlMwNFlUSXhMVFkzTjJRMU9EazBaR1V5TlRDQ0FhSXdEUVlKS29aSWh2Y04KQVFFQkJRQURnZ0dQQURDQ0FZb0NnZ0dCQU4zVUlYeHNSRmw3WXRGSFNQV3c1dkEwNExPWTBBZWtMcWRxcUpydwpmR3NnYU45MGJQT2ZENnF4cThUZHY2RkZ0ZExEaUhyemtQNWI2a3U2SlVub1VMa0hWQnVhenBtRFc2WTJnVXgwCjFGOXRmRWpUa2ZrS2Eyb1BrVFVjR2ZiNTNTdzU3UyswcTB5c20yR3o0ZFFCc2UxWjBIeFBrMENmcEVXTnVpc3AKTEc5M1dLK05HbUdnZkJnNklNRGRxZlhySzNYZ2E3QmNaeUx5SlNyS1prVnZ6K2Z2MkVaTEowc1l4QTdRb0NmWQpuTFNKS29mQjZhbFBmcEhGaEFnZEdhbDZpak9OVlhoMElESmVqSGFVWlFFMnZBcjVOS1VvSzd2R0ViYWNHRVpICjZXcmhBanVPMHhqWk4zS1Yxd3NLSjRSUExKYytLWGxZYklNa3dlck5wKzZoYVFHTXg4UU00aDVYQzh6ZlBvaTIKUHFMME1lQmRqTGhPVlBsb0FvYTMrcFUwQjhDaHNOWjY5Z2hVMjJrRW1mTGg0bnNxb0Z5ajRpRnlPdEp0YitqYgpqQXpqcFJRTVdQRU5zeWZIUFREMkl4QVZEemZCcmFSSHZlZUduaGYwSkVacjZMbkx4UGNMdGdvRnlyQlFEZjZICjd0MUZvL2VraGJQcGNNam1wK2Fadi9PZTV3SURBUUFCbzBJd1FEQU9CZ05WSFE4QkFmOEVCQU1DQWdRd0R3WUQKVlIwVEFRSC9CQVV3QXdFQi96QWRCZ05WSFE0RUZnUVVZeExYVElTaWdUT0F4akEvdUJIOUhaN2o2NW93RFFZSgpLb1pJaHZjTkFRRUxCUUFEZ2dHQkFBUnRvRWl4RGVDOEIyL3ZhTUZEUmF2VWV0NzczVmgrQ0cwemN1a3dSM1JLCm0xZDArdlZiVDl4a1NjeVllOW9KUW56M3FpUzBtc0hIUlVsOGphL3ErMTBhUmtCL041WXpKTC9oL3l5TEJxUm8KNytFTkRBQTZxbTVGYUhaQXNucndwME1oVC9TcnhEL01pOWFZSTZvb1ZINXc2VWJ5QVprb3NIcG82Y0JPWU5xagpVdWEvTE9IT0x3SndIc1NJSmFsamlFNWxSU05Pcm1nWndFYmt5RzVOc2RWdUFGSEhJNEU1aG1FQ09tQmRsUmJECnZ0WFJpeiszc094b1RCQ0Y0OHA1bW9BYzRoUlF6bTJ5ZTRCalZaYUlERTRCUklOdkVTQ3U4US8wOVJlZ2xuWEsKT1VQa2ZWYm5uWkErQXRPS3Z4eFlWam5PdGVSM3RiWktKMytBYzI5SWFvZ2pOTUdhUFRjSVIybnNQeXlScjIrbQp2QXhWWDB4OXQ5UU1qLzduSEpMTHZYb01wMUVDaVRxUHExbGUrU3ZvNVFHMDdydzJnaXBXeURDTm84M3NER0FTClpoc0VMMGNLdTJnbU5VTmc3dmF3ZitzN0pDYzA2WjkyZWpNY3hqc2NGM1p5UUtRL29ScXhLb3lPT3ZEVjFYb08KdmVCMm0yUW9qcVhFNUJQRmNtNlJFQT09Ci0tLS0tRU5EIENFUlRJRklDQVRFLS0tLS0K",
                "password": "",
                "username": ""
              }
            ],
            "master_authorized_networks_config": [],
            "master_version": "1.21.6-gke.1503",
            "min_master_version": null,
            "monitoring_service": "monitoring.googleapis.com/kubernetes",
            "name": "eaproject-345010-gke",
            "network": "projects/eaproject-345010/global/networks/eaproject-345010-vpc",
            "network_policy": [
              {
                "enabled": false,
                "provider": "PROVIDER_UNSPECIFIED"
              }
            ],
            "node_config": [],
            "node_locations": [
              "asia-east2-a",
              "asia-east2-b",
              "asia-east2-c"
            ],
            "node_pool": [],
            "node_version": "1.21.6-gke.1503",
            "operation": null,
            "pod_security_policy_config": [],
            "private_cluster_config": [],
            "project": "eaproject-345010",
            "release_channel": [
              {
                "channel": "REGULAR"
              }
            ],
            "remove_default_node_pool": true,
            "resource_labels": null,
            "resource_usage_export_config": [],
            "self_link": "https://container.googleapis.com/v1beta1/projects/eaproject-345010/locations/asia-east2/clusters/eaproject-345010-gke",
            "services_ipv4_cidr": "10.120.0.0/20",
            "subnetwork": "projects/eaproject-345010/regions/asia-east2/subnetworks/eaproject-345010-subnet",
            "timeouts": null,
            "vertical_pod_autoscaling": [],
            "workload_identity_config": []
          },
          "sensitive_attributes": [],
          "private": "eyJlMmJmYjczMC1lY2FhLTExZTYtOGY4OC0zNDM2M2JjN2M0YzAiOnsiY3JlYXRlIjoyNDAwMDAwMDAwMDAwLCJkZWxldGUiOjI0MDAwMDAwMDAwMDAsInJlYWQiOjI0MDAwMDAwMDAwMDAsInVwZGF0ZSI6MzYwMDAwMDAwMDAwMH0sInNjaGVtYV92ZXJzaW9uIjoiMSJ9",
          "dependencies": [
            "google_compute_network.vpc",
            "google_compute_subnetwork.subnet"
          ]
        }
      ]
    },
    {
      "mode": "managed",
      "type": "google_container_node_pool",
      "name": "primary_nodes",
      "provider": "provider[\"registry.terraform.io/hashicorp/google\"]",
      "instances": [
        {
          "schema_version": 1,
          "attributes": {
            "autoscaling": [],
            "cluster": "eaproject-345010-gke",
            "id": "projects/eaproject-345010/locations/asia-east2/clusters/eaproject-345010-gke/nodePools/eaproject-345010-gke-node-pool",
            "initial_node_count": 2,
            "instance_group_urls": [
              "https://www.googleapis.com/compute/v1/projects/eaproject-345010/zones/asia-east2-c/instanceGroupManagers/gke-eaproject-345010-eaproject-345010-de79e429-grp",
              "https://www.googleapis.com/compute/v1/projects/eaproject-345010/zones/asia-east2-a/instanceGroupManagers/gke-eaproject-345010-eaproject-345010-59464de4-grp",
              "https://www.googleapis.com/compute/v1/projects/eaproject-345010/zones/asia-east2-b/instanceGroupManagers/gke-eaproject-345010-eaproject-345010-5e8dfec8-grp"
            ],
            "location": "asia-east2",
            "management": [
              {
                "auto_repair": true,
                "auto_upgrade": true
              }
            ],
            "max_pods_per_node": 110,
            "name": "eaproject-345010-gke-node-pool",
            "name_prefix": "",
            "node_config": [
              {
                "disk_size_gb": 100,
                "disk_type": "pd-standard",
                "guest_accelerator": [],
                "image_type": "COS_CONTAINERD",
                "labels": {
                  "env": "eaproject-345010"
                },
                "local_ssd_count": 0,
                "machine_type": "n1-standard-1",
                "metadata": {
                  "disable-legacy-endpoints": "true"
                },
                "min_cpu_platform": "",
                "oauth_scopes": [
                  "https://www.googleapis.com/auth/logging.write",
                  "https://www.googleapis.com/auth/monitoring"
                ],
                "preemptible": false,
                "service_account": "default",
                "shielded_instance_config": [
                  {
                    "enable_integrity_monitoring": true,
                    "enable_secure_boot": false
                  }
                ],
                "tags": [
                  "gke-node",
                  "eaproject-345010-gke"
                ],
                "taint": [],
                "workload_metadata_config": []
              }
            ],
            "node_count": 2,
            "node_locations": [
              "asia-east2-a",
              "asia-east2-b",
              "asia-east2-c"
            ],
            "project": "eaproject-345010",
            "timeouts": null,
            "upgrade_settings": [
              {
                "max_surge": 1,
                "max_unavailable": 0
              }
            ],
            "version": "1.21.6-gke.1503"
          },
          "sensitive_attributes": [],
          "private": "eyJlMmJmYjczMC1lY2FhLTExZTYtOGY4OC0zNDM2M2JjN2M0YzAiOnsiY3JlYXRlIjoxODAwMDAwMDAwMDAwLCJkZWxldGUiOjE4MDAwMDAwMDAwMDAsInVwZGF0ZSI6MTgwMDAwMDAwMDAwMH0sInNjaGVtYV92ZXJzaW9uIjoiMSJ9",
          "dependencies": [
            "google_compute_network.vpc",
            "google_compute_subnetwork.subnet",
            "google_container_cluster.primary"
          ]
        }
      ]
    }
  ]
}
